
Microsoft Visual Studio Solution File, Format Version 12.00
# Visual Studio 2015
Project("{FAE04EC0-301F-11D3-BF4B-00C04F79EFBC}") = "TanksTutorial.CSharp.Plugins", "TanksTutorial.CSharp.Plugins.csproj", "{14046398-7DE6-0B48-05B0-1A974678D19B}"
EndProject
Project("{FAE04EC0-301F-11D3-BF4B-00C04F79EFBC}") = "TanksTutorial.CSharp", "TanksTutorial.CSharp.csproj", "{9679B652-1D63-2E96-47B4-D7BEEA75CE2B}"
EndProject
Project("{FAE04EC0-301F-11D3-BF4B-00C04F79EFBC}") = "TanksTutorial.CSharp.Editor", "TanksTutorial.CSharp.Editor.csproj", "{1E42B0EC-E80D-B36F-9B4C-FD66B39B87CD}"
EndProject
Global
	GlobalSection(SolutionConfigurationPlatforms) = preSolution
		Debug|Any CPU = Debug|Any CPU
		Release|Any CPU = Release|Any CPU
	EndGlobalSection
	GlobalSection(ProjectConfigurationPlatforms) = postSolution
		{14046398-7DE6-0B48-05B0-1A974678D19B}.Debug|Any CPU.ActiveCfg = Debug|Any CPU
		{14046398-7DE6-0B48-05B0-1A974678D19B}.Debug|Any CPU.Build.0 = Debug|Any CPU
		{14046398-7DE6-0B48-05B0-1A974678D19B}.Release|Any CPU.ActiveCfg = Release|Any CPU
		{14046398-7DE6-0B48-05B0-1A974678D19B}.Release|Any CPU.Build.0 = Release|Any CPU
		{9679B652-1D63-2E96-47B4-D7BEEA75CE2B}.Debug|Any CPU.ActiveCfg = Debug|Any CPU
		{9679B652-1D63-2E96-47B4-D7BEEA75CE2B}.Debug|Any CPU.Build.0 = Debug|Any CPU
		{9679B652-1D63-2E96-47B4-D7BEEA75CE2B}.Release|Any CPU.ActiveCfg = Release|Any CPU
		{9679B652-1D63-2E96-47B4-D7BEEA75CE2B}.Release|Any CPU.Build.0 = Release|Any CPU
		{1E42B0EC-E80D-B36F-9B4C-FD66B39B87CD}.Debug|Any CPU.ActiveCfg = Debug|Any CPU
		{1E42B0EC-E80D-B36F-9B4C-FD66B39B87CD}.Debug|Any CPU.Build.0 = Debug|Any CPU
		{1E42B0EC-E80D-B36F-9B4C-FD66B39B87CD}.Release|Any CPU.ActiveCfg = Release|Any CPU
		{1E42B0EC-E80D-B36F-9B4C-FD66B39B87CD}.Release|Any CPU.Build.0 = Release|Any CPU
	EndGlobalSection
	GlobalSection(SolutionProperties) = preSolution
		HideSolutionNode = FALSE
	EndGlobalSection
EndGlobal
